
Microsoft Visual Studio Solution File, Format Version 12.00
# Visual Studio Version 17
VisualStudioVersion = 17.6.33829.357
MinimumVisualStudioVersion = 10.0.40219.1
Project("{8BC9CEB8-8B4A-11D0-8D11-00A0C91BC942}") = "Team2", "Team2\Team2.vcxproj", "{4FBDCF3D-2319-458D-B5F5-91CF1ACC1A44}"
EndProject
Global
	GlobalSection(SolutionConfigurationPlatforms) = preSolution
		Debug|x64 = Debug|x64
		Release|x64 = Release|x64
	EndGlobalSection
	GlobalSection(ProjectConfigurationPlatforms) = postSolution
		{4FBDCF3D-2319-458D-B5F5-91CF1ACC1A44}.Debug|x64.ActiveCfg = Debug|x64
		{4FBDCF3D-2319-458D-B5F5-91CF1ACC1A44}.Debug|x64.Build.0 = Debug|x64
		{4FBDCF3D-2319-458D-B5F5-91CF1ACC1A44}.Release|x64.ActiveCfg = Release|x64
		{4FBDCF3D-2319-458D-B5F5-91CF1ACC1A44}.Release|x64.Build.0 = Release|x64
	EndGlobalSection
	GlobalSection(SolutionProperties) = preSolution
		HideSolutionNode = FALSE
	EndGlobalSection
	GlobalSection(ExtensibilityGlobals) = postSolution
		SolutionGuid = {57BD3D29-BB2B-4864-87AA-9AEBC7E92A77}
	EndGlobalSection
EndGlobal
